{
  "requires": true,
  "lockfileVersion": 1,
  "dependencies": {
    "num-words": {
      "version": "git+https://github.com/RonKbS/num-words.git#c8262b55253b560272e45ee84787a0b437d517bb",
      "from": "git+https://github.com/RonKbS/num-words.git#c8262b55253b560272e45ee84787a0b437d517bb"
    }
  }
}
